
Microsoft Visual Studio Solution File, Format Version 12.00
# Visual Studio Version 17
VisualStudioVersion = 17.4.33205.214
MinimumVisualStudioVersion = 10.0.40219.1
Project("{888888A0-9F3D-457C-B088-3A5042F75D52}") = "animerimine", "animerimine.pyproj", "{0E9B6ACA-77B1-4FEA-830C-DC74B8063B21}"
EndProject
Global
	GlobalSection(SolutionConfigurationPlatforms) = preSolution
		Debug|Any CPU = Debug|Any CPU
		Release|Any CPU = Release|Any CPU
	EndGlobalSection
	GlobalSection(ProjectConfigurationPlatforms) = postSolution
		{0E9B6ACA-77B1-4FEA-830C-DC74B8063B21}.Debug|Any CPU.ActiveCfg = Debug|Any CPU
		{0E9B6ACA-77B1-4FEA-830C-DC74B8063B21}.Release|Any CPU.ActiveCfg = Release|Any CPU
	EndGlobalSection
	GlobalSection(SolutionProperties) = preSolution
		HideSolutionNode = FALSE
	EndGlobalSection
	GlobalSection(ExtensibilityGlobals) = postSolution
		SolutionGuid = {037902FE-5FC4-4E3F-A3F8-1E18D8EB7258}
	EndGlobalSection
EndGlobal
